github.com/bradfitz/slice v0.0.0-20180809154707-2b758aa73013 h1:/P9/RL0xgWE+ehnCUUN5h3RpG3dmoMCOONO1CCvq23Y=
github.com/bradfitz/slice v0.0.0-20180809154707-2b758aa73013/go.mod h1:pccXHIvs3TV/TUqSNyEvF99sxjX2r4FFRIyw6TZY9+w=
github.com/jcelliott/lumber v0.0.0-20160324203708-dd349441af25 h1:EFT6MH3igZK/dIVqgGbTqWVvkZ7wJ5iGN03SVtvvdd8=
github.com/jcelliott/lumber v0.0.0-20160324203708-dd349441af25/go.mod h1:sWkGw/wsaHtRsT9zGQ/WyJCotGWG/Anow/9hsAcBWRw=
github.com/sdomino/scribble v0.0.0-20200707180004-3cc68461d505 h1:/2EeHu+TXdtUKXa2BUNo26L72IR4mURn5cq4/zBz7qs=
github.com/sdomino/scribble v0.0.0-20200707180004-3cc68461d505/go.mod h1:W6zxGUBCXRR5QugSd/nFcFVmwoGnvpjiNY/JwT03Wew=
